
Microsoft Visual Studio Solution File, Format Version 12.00
# Visual Studio Version 16
VisualStudioVersion = 16.0.29613.14
MinimumVisualStudioVersion = 10.0.40219.1
Project("{FAE04EC0-301F-11D3-BF4B-00C04F79EFBC}") = "Snacks", "Snacks.csproj", "{8DD9BDD1-A723-415A-B08C-E84BC3F3C5FC}"
EndProject
Global
	GlobalSection(SolutionConfigurationPlatforms) = preSolution
		Debug|Any CPU = Debug|Any CPU
		Release|Any CPU = Release|Any CPU
	EndGlobalSection
	GlobalSection(ProjectConfigurationPlatforms) = postSolution
		{8DD9BDD1-A723-415A-B08C-E84BC3F3C5FC}.Debug|Any CPU.ActiveCfg = Debug|Any CPU
		{8DD9BDD1-A723-415A-B08C-E84BC3F3C5FC}.Debug|Any CPU.Build.0 = Debug|Any CPU
		{8DD9BDD1-A723-415A-B08C-E84BC3F3C5FC}.Release|Any CPU.ActiveCfg = Release|Any CPU
		{8DD9BDD1-A723-415A-B08C-E84BC3F3C5FC}.Release|Any CPU.Build.0 = Release|Any CPU
	EndGlobalSection
	GlobalSection(SolutionProperties) = preSolution
		HideSolutionNode = FALSE
	EndGlobalSection
	GlobalSection(ExtensibilityGlobals) = postSolution
		SolutionGuid = {DB8989B2-236C-4A0B-818C-2B18CB705151}
	EndGlobalSection
EndGlobal
